
Microsoft Visual Studio Solution File, Format Version 12.00
# Visual Studio Version 17
VisualStudioVersion = 17.8.34511.84
MinimumVisualStudioVersion = 10.0.40219.1
Project("{FAE04EC0-301F-11D3-BF4B-00C04F79EFBC}") = "Guia 4.1.2", "Guia 4.1\Guia 4.1.2.csproj", "{B995D31F-A41B-42A0-A0D0-CA00C12AA412}"
EndProject
Global
	GlobalSection(SolutionConfigurationPlatforms) = preSolution
		Debug|Any CPU = Debug|Any CPU
		Release|Any CPU = Release|Any CPU
	EndGlobalSection
	GlobalSection(ProjectConfigurationPlatforms) = postSolution
		{B995D31F-A41B-42A0-A0D0-CA00C12AA412}.Debug|Any CPU.ActiveCfg = Debug|Any CPU
		{B995D31F-A41B-42A0-A0D0-CA00C12AA412}.Debug|Any CPU.Build.0 = Debug|Any CPU
		{B995D31F-A41B-42A0-A0D0-CA00C12AA412}.Release|Any CPU.ActiveCfg = Release|Any CPU
		{B995D31F-A41B-42A0-A0D0-CA00C12AA412}.Release|Any CPU.Build.0 = Release|Any CPU
	EndGlobalSection
	GlobalSection(SolutionProperties) = preSolution
		HideSolutionNode = FALSE
	EndGlobalSection
	GlobalSection(ExtensibilityGlobals) = postSolution
		SolutionGuid = {251EDDCC-FF23-4E56-B5E5-512CB9B26736}
	EndGlobalSection
EndGlobal
